
Microsoft Visual Studio Solution File, Format Version 12.00
# Visual Studio 2012
Project("{FAE04EC0-301F-11D3-BF4B-00C04F79EFBC}") = "BasicTabbedBarApp", "BasicTabbedBarApp\BasicTabbedBarApp.csproj", "{3F36AA18-99AD-4B84-9FC9-6669599DE1AF}"
EndProject
Global
	GlobalSection(SolutionConfigurationPlatforms) = preSolution
		Debug|iPhoneSimulator = Debug|iPhoneSimulator
		Release|iPhone = Release|iPhone
		Release|iPhoneSimulator = Release|iPhoneSimulator
		Debug|iPhone = Debug|iPhone
	EndGlobalSection
	GlobalSection(ProjectConfigurationPlatforms) = postSolution
		{3F36AA18-99AD-4B84-9FC9-6669599DE1AF}.Debug|iPhoneSimulator.ActiveCfg = Debug|iPhoneSimulator
		{3F36AA18-99AD-4B84-9FC9-6669599DE1AF}.Debug|iPhoneSimulator.Build.0 = Debug|iPhoneSimulator
		{3F36AA18-99AD-4B84-9FC9-6669599DE1AF}.Release|iPhone.ActiveCfg = Release|iPhone
		{3F36AA18-99AD-4B84-9FC9-6669599DE1AF}.Release|iPhone.Build.0 = Release|iPhone
		{3F36AA18-99AD-4B84-9FC9-6669599DE1AF}.Release|iPhoneSimulator.ActiveCfg = Release|iPhoneSimulator
		{3F36AA18-99AD-4B84-9FC9-6669599DE1AF}.Release|iPhoneSimulator.Build.0 = Release|iPhoneSimulator
		{3F36AA18-99AD-4B84-9FC9-6669599DE1AF}.Debug|iPhone.ActiveCfg = Debug|iPhone
		{3F36AA18-99AD-4B84-9FC9-6669599DE1AF}.Debug|iPhone.Build.0 = Debug|iPhone
	EndGlobalSection
EndGlobal
